
Microsoft Visual Studio Solution File, Format Version 12.00
# Visual Studio Version 17
VisualStudioVersion = 17.5.33424.131
MinimumVisualStudioVersion = 10.0.40219.1
Project("{8BC9CEB8-8B4A-11D0-8D11-00A0C91BC942}") = "230418 7주차-2 과제 (노트북에 코딩해오기)", "230418 7주차-2 과제 (노트북에 코딩해오기)\230418 7주차-2 과제 (노트북에 코딩해오기).vcxproj", "{B766342F-D7F5-411E-B5F6-CB2E001F59C5}"
EndProject
Global
	GlobalSection(SolutionConfigurationPlatforms) = preSolution
		Debug|x64 = Debug|x64
		Debug|x86 = Debug|x86
		Release|x64 = Release|x64
		Release|x86 = Release|x86
	EndGlobalSection
	GlobalSection(ProjectConfigurationPlatforms) = postSolution
		{B766342F-D7F5-411E-B5F6-CB2E001F59C5}.Debug|x64.ActiveCfg = Debug|x64
		{B766342F-D7F5-411E-B5F6-CB2E001F59C5}.Debug|x64.Build.0 = Debug|x64
		{B766342F-D7F5-411E-B5F6-CB2E001F59C5}.Debug|x86.ActiveCfg = Debug|Win32
		{B766342F-D7F5-411E-B5F6-CB2E001F59C5}.Debug|x86.Build.0 = Debug|Win32
		{B766342F-D7F5-411E-B5F6-CB2E001F59C5}.Release|x64.ActiveCfg = Release|x64
		{B766342F-D7F5-411E-B5F6-CB2E001F59C5}.Release|x64.Build.0 = Release|x64
		{B766342F-D7F5-411E-B5F6-CB2E001F59C5}.Release|x86.ActiveCfg = Release|Win32
		{B766342F-D7F5-411E-B5F6-CB2E001F59C5}.Release|x86.Build.0 = Release|Win32
	EndGlobalSection
	GlobalSection(SolutionProperties) = preSolution
		HideSolutionNode = FALSE
	EndGlobalSection
	GlobalSection(ExtensibilityGlobals) = postSolution
		SolutionGuid = {089F4031-60AF-4AFB-8689-615AA3D99056}
	EndGlobalSection
EndGlobal
